
Microsoft Visual Studio Solution File, Format Version 12.00
# Visual Studio Version 17
VisualStudioVersion = 17.14.36623.8 d17.14
MinimumVisualStudioVersion = 10.0.40219.1
Project("{FAE04EC0-301F-11D3-BF4B-00C04F79EFBC}") = "AutomationSystem", "AutomationSystem.csproj", "{D7DD8B34-1B2D-F343-8A3C-85EE2BE41D7F}"
EndProject
Global
	GlobalSection(SolutionConfigurationPlatforms) = preSolution
		Debug|Any CPU = Debug|Any CPU
		Release|Any CPU = Release|Any CPU
	EndGlobalSection
	GlobalSection(ProjectConfigurationPlatforms) = postSolution
		{D7DD8B34-1B2D-F343-8A3C-85EE2BE41D7F}.Debug|Any CPU.ActiveCfg = Debug|Any CPU
		{D7DD8B34-1B2D-F343-8A3C-85EE2BE41D7F}.Debug|Any CPU.Build.0 = Debug|Any CPU
		{D7DD8B34-1B2D-F343-8A3C-85EE2BE41D7F}.Release|Any CPU.ActiveCfg = Release|Any CPU
		{D7DD8B34-1B2D-F343-8A3C-85EE2BE41D7F}.Release|Any CPU.Build.0 = Release|Any CPU
	EndGlobalSection
	GlobalSection(SolutionProperties) = preSolution
		HideSolutionNode = FALSE
	EndGlobalSection
	GlobalSection(ExtensibilityGlobals) = postSolution
		SolutionGuid = {0F1E5270-1292-44A2-8AC4-E56460A6A681}
	EndGlobalSection
EndGlobal
